
Microsoft Visual Studio Solution File, Format Version 12.00
# Visual Studio Version 17
VisualStudioVersion = 17.3.32825.248
MinimumVisualStudioVersion = 10.0.40219.1
Project("{FAE04EC0-301F-11D3-BF4B-00C04F79EFBC}") = "BulletHell", "BulletHell\BulletHell.csproj", "{45EFF28B-FCD9-4EAF-B0CB-8590F736B598}"
EndProject
Global
	GlobalSection(SolutionConfigurationPlatforms) = preSolution
		Debug|Any CPU = Debug|Any CPU
		Release|Any CPU = Release|Any CPU
	EndGlobalSection
	GlobalSection(ProjectConfigurationPlatforms) = postSolution
		{45EFF28B-FCD9-4EAF-B0CB-8590F736B598}.Debug|Any CPU.ActiveCfg = Debug|Any CPU
		{45EFF28B-FCD9-4EAF-B0CB-8590F736B598}.Debug|Any CPU.Build.0 = Debug|Any CPU
		{45EFF28B-FCD9-4EAF-B0CB-8590F736B598}.Release|Any CPU.ActiveCfg = Release|Any CPU
		{45EFF28B-FCD9-4EAF-B0CB-8590F736B598}.Release|Any CPU.Build.0 = Release|Any CPU
	EndGlobalSection
	GlobalSection(SolutionProperties) = preSolution
		HideSolutionNode = FALSE
	EndGlobalSection
	GlobalSection(ExtensibilityGlobals) = postSolution
		SolutionGuid = {EBB8DA5E-5305-4CFA-A7EB-E0CCE9C1E289}
	EndGlobalSection
EndGlobal
